
Microsoft Visual Studio Solution File, Format Version 12.00
# Visual Studio Version 17
VisualStudioVersion = 17.10.35027.167
MinimumVisualStudioVersion = 10.0.40219.1
Project("{FAE04EC0-301F-11D3-BF4B-00C04F79EFBC}") = "itmo.winforms.lab2.2", "itmo.winforms.lab2.2.csproj", "{8DA03576-7B02-4DB4-822A-BDDCF2CB707F}"
EndProject
Global
	GlobalSection(SolutionConfigurationPlatforms) = preSolution
		Debug|Any CPU = Debug|Any CPU
		Release|Any CPU = Release|Any CPU
	EndGlobalSection
	GlobalSection(ProjectConfigurationPlatforms) = postSolution
		{8DA03576-7B02-4DB4-822A-BDDCF2CB707F}.Debug|Any CPU.ActiveCfg = Debug|Any CPU
		{8DA03576-7B02-4DB4-822A-BDDCF2CB707F}.Debug|Any CPU.Build.0 = Debug|Any CPU
		{8DA03576-7B02-4DB4-822A-BDDCF2CB707F}.Release|Any CPU.ActiveCfg = Release|Any CPU
		{8DA03576-7B02-4DB4-822A-BDDCF2CB707F}.Release|Any CPU.Build.0 = Release|Any CPU
	EndGlobalSection
	GlobalSection(SolutionProperties) = preSolution
		HideSolutionNode = FALSE
	EndGlobalSection
	GlobalSection(ExtensibilityGlobals) = postSolution
		SolutionGuid = {9081C94C-4A88-4DAE-B9E0-81235B6DFD1D}
	EndGlobalSection
EndGlobal
