
Microsoft Visual Studio Solution File, Format Version 12.00
# Visual Studio Version 17
VisualStudioVersion = 17.10.35027.167
MinimumVisualStudioVersion = 10.0.40219.1
Project("{FAE04EC0-301F-11D3-BF4B-00C04F79EFBC}") = "itmo.winforms.lad5(contr)", "itmo.winforms.lad5(contr).csproj", "{B30E6261-C25F-4040-BCDF-A4033BFBD883}"
EndProject
Global
	GlobalSection(SolutionConfigurationPlatforms) = preSolution
		Debug|Any CPU = Debug|Any CPU
		Release|Any CPU = Release|Any CPU
	EndGlobalSection
	GlobalSection(ProjectConfigurationPlatforms) = postSolution
		{B30E6261-C25F-4040-BCDF-A4033BFBD883}.Debug|Any CPU.ActiveCfg = Debug|Any CPU
		{B30E6261-C25F-4040-BCDF-A4033BFBD883}.Debug|Any CPU.Build.0 = Debug|Any CPU
		{B30E6261-C25F-4040-BCDF-A4033BFBD883}.Release|Any CPU.ActiveCfg = Release|Any CPU
		{B30E6261-C25F-4040-BCDF-A4033BFBD883}.Release|Any CPU.Build.0 = Release|Any CPU
	EndGlobalSection
	GlobalSection(SolutionProperties) = preSolution
		HideSolutionNode = FALSE
	EndGlobalSection
	GlobalSection(ExtensibilityGlobals) = postSolution
		SolutionGuid = {AA1B30C4-8D33-4BE2-87BA-4AA655F340BE}
	EndGlobalSection
EndGlobal
