
Microsoft Visual Studio Solution File, Format Version 12.00
# Visual Studio Version 17
VisualStudioVersion = 17.10.35027.167
MinimumVisualStudioVersion = 10.0.40219.1
Project("{FAE04EC0-301F-11D3-BF4B-00C04F79EFBC}") = "itmo.winforms.lab1.4.MdiApplication", "itmo.winforms.lab1.4.MdiApplication.csproj", "{190302BF-5A11-4309-9F9E-738621230844}"
EndProject
Global
	GlobalSection(SolutionConfigurationPlatforms) = preSolution
		Debug|Any CPU = Debug|Any CPU
		Release|Any CPU = Release|Any CPU
	EndGlobalSection
	GlobalSection(ProjectConfigurationPlatforms) = postSolution
		{190302BF-5A11-4309-9F9E-738621230844}.Debug|Any CPU.ActiveCfg = Debug|Any CPU
		{190302BF-5A11-4309-9F9E-738621230844}.Debug|Any CPU.Build.0 = Debug|Any CPU
		{190302BF-5A11-4309-9F9E-738621230844}.Release|Any CPU.ActiveCfg = Release|Any CPU
		{190302BF-5A11-4309-9F9E-738621230844}.Release|Any CPU.Build.0 = Release|Any CPU
	EndGlobalSection
	GlobalSection(SolutionProperties) = preSolution
		HideSolutionNode = FALSE
	EndGlobalSection
	GlobalSection(ExtensibilityGlobals) = postSolution
		SolutionGuid = {27D279BA-2F01-44AA-AAFE-8C3B89BC84D7}
	EndGlobalSection
EndGlobal
